
Microsoft Visual Studio Solution File, Format Version 12.00
# Visual Studio Version 17
VisualStudioVersion = 17.5.33424.131
MinimumVisualStudioVersion = 10.0.40219.1
Project("{2150E333-8FDC-42A3-9474-1A3956D46DE8}") = "src", "src", "{121F06DB-0FE1-4DDE-8717-C9D85B1256D7}"
EndProject
Project("{2150E333-8FDC-42A3-9474-1A3956D46DE8}") = "Test", "Test", "{921459BC-36FE-430D-8EF6-D4FCC7317A09}"
EndProject
Project("{2150E333-8FDC-42A3-9474-1A3956D46DE8}") = "Adapters", "Adapters", "{85266A32-01B6-47DB-A432-8D3521C97C45}"
EndProject
Project("{2150E333-8FDC-42A3-9474-1A3956D46DE8}") = "Application", "Application", "{C67B36DA-FFF9-4597-9007-2C74EBAA58CD}"
EndProject
Project("{2150E333-8FDC-42A3-9474-1A3956D46DE8}") = "Core", "Core", "{8EC6934D-6ACB-47E8-AEAA-117B5720EDDF}"
EndProject
Project("{FAE04EC0-301F-11D3-BF4B-00C04F79EFBC}") = "Lanchonete.API", "src\Application\Lanchonete.API\Lanchonete.API.csproj", "{042F7A86-EBB2-4BFB-B679-FD65DD5D9D76}"
EndProject
Project("{FAE04EC0-301F-11D3-BF4B-00C04F79EFBC}") = "Lanchonete.Domain", "src\Core\Lanchonete.Domain\Lanchonete.Domain.csproj", "{BF9AE44C-29C4-4E89-9A50-761C6CB75D83}"
EndProject
Project("{FAE04EC0-301F-11D3-BF4B-00C04F79EFBC}") = "Lanchonete.Business", "src\Core\Lanchonete.Business\Lanchonete.Business.csproj", "{5FBC3C83-E78B-47ED-BC52-552660A46D9C}"
EndProject
Project("{FAE04EC0-301F-11D3-BF4B-00C04F79EFBC}") = "Lanchonete.Infra", "src\Core\Lanchonete.Infra\Lanchonete.Infra.csproj", "{1A251AB3-3B6C-46F2-9309-D4CF3E9F42B7}"
EndProject
Project("{FAE04EC0-301F-11D3-BF4B-00C04F79EFBC}") = "Lanchonete.SqlClient", "src\Adapters\Lanchonete.SqlClient\Lanchonete.SqlClient.csproj", "{2556C8AF-C0E5-4EDA-986E-BF1DE6568316}"
EndProject
Global
	GlobalSection(SolutionConfigurationPlatforms) = preSolution
		Debug|Any CPU = Debug|Any CPU
		Release|Any CPU = Release|Any CPU
	EndGlobalSection
	GlobalSection(ProjectConfigurationPlatforms) = postSolution
		{042F7A86-EBB2-4BFB-B679-FD65DD5D9D76}.Debug|Any CPU.ActiveCfg = Debug|Any CPU
		{042F7A86-EBB2-4BFB-B679-FD65DD5D9D76}.Debug|Any CPU.Build.0 = Debug|Any CPU
		{042F7A86-EBB2-4BFB-B679-FD65DD5D9D76}.Release|Any CPU.ActiveCfg = Release|Any CPU
		{042F7A86-EBB2-4BFB-B679-FD65DD5D9D76}.Release|Any CPU.Build.0 = Release|Any CPU
		{BF9AE44C-29C4-4E89-9A50-761C6CB75D83}.Debug|Any CPU.ActiveCfg = Debug|Any CPU
		{BF9AE44C-29C4-4E89-9A50-761C6CB75D83}.Debug|Any CPU.Build.0 = Debug|Any CPU
		{BF9AE44C-29C4-4E89-9A50-761C6CB75D83}.Release|Any CPU.ActiveCfg = Release|Any CPU
		{BF9AE44C-29C4-4E89-9A50-761C6CB75D83}.Release|Any CPU.Build.0 = Release|Any CPU
		{5FBC3C83-E78B-47ED-BC52-552660A46D9C}.Debug|Any CPU.ActiveCfg = Debug|Any CPU
		{5FBC3C83-E78B-47ED-BC52-552660A46D9C}.Debug|Any CPU.Build.0 = Debug|Any CPU
		{5FBC3C83-E78B-47ED-BC52-552660A46D9C}.Release|Any CPU.ActiveCfg = Release|Any CPU
		{5FBC3C83-E78B-47ED-BC52-552660A46D9C}.Release|Any CPU.Build.0 = Release|Any CPU
		{1A251AB3-3B6C-46F2-9309-D4CF3E9F42B7}.Debug|Any CPU.ActiveCfg = Debug|Any CPU
		{1A251AB3-3B6C-46F2-9309-D4CF3E9F42B7}.Debug|Any CPU.Build.0 = Debug|Any CPU
		{1A251AB3-3B6C-46F2-9309-D4CF3E9F42B7}.Release|Any CPU.ActiveCfg = Release|Any CPU
		{1A251AB3-3B6C-46F2-9309-D4CF3E9F42B7}.Release|Any CPU.Build.0 = Release|Any CPU
		{2556C8AF-C0E5-4EDA-986E-BF1DE6568316}.Debug|Any CPU.ActiveCfg = Debug|Any CPU
		{2556C8AF-C0E5-4EDA-986E-BF1DE6568316}.Debug|Any CPU.Build.0 = Debug|Any CPU
		{2556C8AF-C0E5-4EDA-986E-BF1DE6568316}.Release|Any CPU.ActiveCfg = Release|Any CPU
		{2556C8AF-C0E5-4EDA-986E-BF1DE6568316}.Release|Any CPU.Build.0 = Release|Any CPU
	EndGlobalSection
	GlobalSection(SolutionProperties) = preSolution
		HideSolutionNode = FALSE
	EndGlobalSection
	GlobalSection(NestedProjects) = preSolution
		{85266A32-01B6-47DB-A432-8D3521C97C45} = {121F06DB-0FE1-4DDE-8717-C9D85B1256D7}
		{C67B36DA-FFF9-4597-9007-2C74EBAA58CD} = {121F06DB-0FE1-4DDE-8717-C9D85B1256D7}
		{8EC6934D-6ACB-47E8-AEAA-117B5720EDDF} = {121F06DB-0FE1-4DDE-8717-C9D85B1256D7}
		{042F7A86-EBB2-4BFB-B679-FD65DD5D9D76} = {C67B36DA-FFF9-4597-9007-2C74EBAA58CD}
		{BF9AE44C-29C4-4E89-9A50-761C6CB75D83} = {8EC6934D-6ACB-47E8-AEAA-117B5720EDDF}
		{5FBC3C83-E78B-47ED-BC52-552660A46D9C} = {8EC6934D-6ACB-47E8-AEAA-117B5720EDDF}
		{1A251AB3-3B6C-46F2-9309-D4CF3E9F42B7} = {8EC6934D-6ACB-47E8-AEAA-117B5720EDDF}
		{2556C8AF-C0E5-4EDA-986E-BF1DE6568316} = {85266A32-01B6-47DB-A432-8D3521C97C45}
	EndGlobalSection
	GlobalSection(ExtensibilityGlobals) = postSolution
		SolutionGuid = {A5ACA40D-A6A4-4319-A500-EBA5865D3F23}
	EndGlobalSection
EndGlobal
